<?xml version="1.0" encoding="utf-8"?>
<Project ToolsVersion="4.0" xmlns="http://schemas.microsoft.com/developer/msbuild/2003">
  <ItemGroup>
    <Filter Include="Source Files">
      <UniqueIdentifier>{4FC737F1-C7A5-4376-A066-2A32D752A2FF}</UniqueIdentifier>
      <Extensions>cpp;c;cc;cxx;c++;cppm;ixx;def;odl;idl;hpj;bat;asm;asmx</Extensions>
    </Filter>
    <Filter Include="Header Files">
      <UniqueIdentifier>{93995380-89BD-4b04-88EB-625FBE52EBFB}</UniqueIdentifier>
      <Extensions>h;hh;hpp;hxx;h++;hm;inl;inc;ipp;xsd</Extensions>
    </Filter>
    <Filter Include="Resource Files">
      <UniqueIdentifier>{67DA6AB6-F800-4c08-8B7A-83BB121AAD01}</UniqueIdentifier>
      <Extensions>rc;ico;cur;bmp;dlg;rc2;rct;bin;rgs;gif;jpg;jpeg;jpe;resx;tiff;tif;png;wav;mfcribbon-ms</Extensions>
    </Filter>
    <Filter Include="Source Files\Engine">
      <UniqueIdentifier>{123e8767-cbd6-46dc-94ae-51c7a8818fac}</UniqueIdentifier>
    </Filter>
    <Filter Include="Header Files\Engine">
      <UniqueIdentifier>{05f302aa-39b6-4535-a829-620b31dfcbdf}</UniqueIdentifier>
    </Filter>
    <Filter Include="Source Files\Graphics">
      <UniqueIdentifier>{e69c1ac4-dc7f-4baf-8a2d-a215543127be}</UniqueIdentifier>
    </Filter>
    <Filter Include="Header Files\Graphics">
      <UniqueIdentifier>{8aa79a12-c5c4-4b13-a69f-6000cf93dd07}</UniqueIdentifier>
    </Filter>
    <Filter Include="Source Files\Gameplay">
      <UniqueIdentifier>{679a5232-0072-4097-9a1a-a99972cc137f}</UniqueIdentifier>
    </Filter>
    <Filter Include="Header Files\Gameplay">
      <UniqueIdentifier>{7c9b073b-3ae7-4cad-9f0c-7c122a98fb53}</UniqueIdentifier>
    </Filter>
    <Filter Include="Header Files\Functions">
      <UniqueIdentifier>{ee8752a4-139a-4fda-91e2-9f9f15bf55e7}</UniqueIdentifier>
    </Filter>
    <Filter Include="Header Files\Functions\Draw">
      <UniqueIdentifier>{ec145bfd-5a91-4160-a42b-92602eb0d4ee}</UniqueIdentifier>
    </Filter>
    <Filter Include="Header Files\Functions\Camera">
      <UniqueIdentifier>{d3fc0ebe-3d80-4021-a54e-c9cd416963f6}</UniqueIdentifier>
    </Filter>
    <Filter Include="Source Files\Functions">
      <UniqueIdentifier>{30b58311-751e-4e3d-adc0-7f515beb2d57}</UniqueIdentifier>
    </Filter>
    <Filter Include="Source Files\Functions\Camera">
      <UniqueIdentifier>{88156d98-9e97-479d-a79a-e4a626c8fe74}</UniqueIdentifier>
    </Filter>
    <Filter Include="Source Files\Functions\Draw">
      <UniqueIdentifier>{932eefe1-a599-4fac-9e4b-134c18390cb8}</UniqueIdentifier>
    </Filter>
    <Filter Include="Header Files\Functions\Inputs">
      <UniqueIdentifier>{ee07fb0b-4978-41ef-bf30-327810e7470d}</UniqueIdentifier>
    </Filter>
    <Filter Include="Source Files\Functions\Inputs">
      <UniqueIdentifier>{6be997e8-e533-4936-aaf8-8e377330a114}</UniqueIdentifier>
    </Filter>
    <Filter Include="Source Files\Functions\random">
      <UniqueIdentifier>{8d310399-8239-46c6-9a1b-81266e152756}</UniqueIdentifier>
    </Filter>
    <Filter Include="Header Files\Functions\random">
      <UniqueIdentifier>{e2880e4f-96dc-4c71-9768-54a22ca4a4bf}</UniqueIdentifier>
    </Filter>
    <Filter Include="Source Files\Gravity">
      <UniqueIdentifier>{1b6e920f-13b3-457b-ae06-221da43d7b81}</UniqueIdentifier>
    </Filter>
    <Filter Include="Header Files\Gravity">
      <UniqueIdentifier>{7701a3ed-6c6e-4196-b1c8-78186c7974c3}</UniqueIdentifier>
    </Filter>
    <Filter Include="Source Files\WhackAMole ni Kirara">
      <UniqueIdentifier>{483ab581-6b2e-4936-9c05-d6d0400b2289}</UniqueIdentifier>
    </Filter>
    <Filter Include="Header Files\WhackAMole ni Kirara">
      <UniqueIdentifier>{8d866915-c68a-4733-8556-ece59202973b}</UniqueIdentifier>
    </Filter>
    <Filter Include="Source Files\WhackAMole ni Kirara\Button">
      <UniqueIdentifier>{5eb69a47-df02-4c28-b7f3-772ca7df0fbf}</UniqueIdentifier>
    </Filter>
    <Filter Include="Header Files\WhackAMole ni Kirara\Button">
      <UniqueIdentifier>{f9851c0c-78c5-4763-8b96-8203c0f12669}</UniqueIdentifier>
    </Filter>
    <Filter Include="Header Files\WhackAMole ni Kirara\Scores">
      <UniqueIdentifier>{f6ada6e1-158d-46d4-89a3-18f1fda11abb}</UniqueIdentifier>
    </Filter>
    <Filter Include="Source Files\WhackAMole ni Kirara\Scores">
      <UniqueIdentifier>{9f9464b6-19f5-40cf-9293-1ee48afafa1e}</UniqueIdentifier>
    </Filter>
    <Filter Include="Source Files\Functions\Lighting">
      <UniqueIdentifier>{4a2042df-eab6-4c94-ae31-7e225f3c39e0}</UniqueIdentifier>
    </Filter>
    <Filter Include="Header Files\Functions\Lighting">
      <UniqueIdentifier>{a8a3de19-06b3-4487-8b3e-8d56d0181bdd}</UniqueIdentifier>
    </Filter>
    <Filter Include="Source Files\Functions\Movement">
      <UniqueIdentifier>{b8f822b1-758c-4804-96be-44f4cbd9e129}</UniqueIdentifier>
    </Filter>
    <Filter Include="Header Files\Functions\Movement">
      <UniqueIdentifier>{9398d023-81c2-4ad8-b237-8de181e52333}</UniqueIdentifier>
    </Filter>
    <Filter Include="Source Files\Functions\Sounds">
      <UniqueIdentifier>{c8613b5d-86b4-4485-beab-488c8d49b402}</UniqueIdentifier>
    </Filter>
    <Filter Include="Header Files\Functions\Sounds">
      <UniqueIdentifier>{cd71f227-e6d1-4b07-a259-f32ffd9887d2}</UniqueIdentifier>
    </Filter>
    <Filter Include="Source Files\Functions\TextRender">
      <UniqueIdentifier>{352aaa03-2185-4a1f-84da-ea0a9b51f497}</UniqueIdentifier>
    </Filter>
    <Filter Include="Header Files\Functions\TextRender">
      <UniqueIdentifier>{033de21d-e2f2-49bc-ba23-9f61beadb8f2}</UniqueIdentifier>
    </Filter>
  </ItemGroup>
  <ItemGroup>
    <ClCompile Include="draw.cpp">
      <Filter>Source Files\Functions\Draw</Filter>
    </ClCompile>
    <ClCompile Include="engine.cpp">
      <Filter>Source Files\Engine</Filter>
    </ClCompile>
    <ClCompile Include="graphics.cpp">
      <Filter>Source Files\Graphics</Filter>
    </ClCompile>
    <ClCompile Include="gameObject.cpp">
      <Filter>Source Files\Gameplay</Filter>
    </ClCompile>
    <ClCompile Include="Camera.cpp">
      <Filter>Source Files\Functions\Camera</Filter>
    </ClCompile>
    <ClCompile Include="inputs.cpp">
      <Filter>Source Files\Functions\Inputs</Filter>
    </ClCompile>
    <ClCompile Include="score.cpp">
      <Filter>Source Files\WhackAMole ni Kirara\Scores</Filter>
    </ClCompile>
    <ClCompile Include="RNG.cpp">
      <Filter>Source Files\Functions\random</Filter>
    </ClCompile>
    <ClCompile Include="gravity.cpp">
      <Filter>Source Files\Gravity</Filter>
    </ClCompile>
    <ClCompile Include="main.cpp">
      <Filter>Source Files\WhackAMole ni Kirara</Filter>
    </ClCompile>
    <ClCompile Include="button.cpp">
      <Filter>Source Files\WhackAMole ni Kirara\Button</Filter>
    </ClCompile>
    <ClCompile Include="mButton.cpp">
      <Filter>Source Files\WhackAMole ni Kirara\Button</Filter>
    </ClCompile>
    <ClCompile Include="lighting.cpp">
      <Filter>Source Files\Functions\Lighting</Filter>
    </ClCompile>
    <ClCompile Include="firstPersonMovement.cpp">
      <Filter>Source Files\Functions\Movement</Filter>
    </ClCompile>
    <ClCompile Include="sound.cpp">
      <Filter>Source Files\Functions\Sounds</Filter>
    </ClCompile>
    <ClCompile Include="TextRenderer.cpp">
      <Filter>Source Files\Functions\TextRender</Filter>
    </ClCompile>
  </ItemGroup>
  <ItemGroup>
    <ClInclude Include="drawShapes.h">
      <Filter>Header Files\Functions\Draw</Filter>
    </ClInclude>
    <ClInclude Include="engine.h">
      <Filter>Header Files\Engine</Filter>
    </ClInclude>
    <ClInclude Include="graphics.h">
      <Filter>Header Files\Graphics</Filter>
    </ClInclude>
    <ClInclude Include="gameObject.h">
      <Filter>Header Files\Gameplay</Filter>
    </ClInclude>
    <ClInclude Include="Camera.h">
      <Filter>Header Files\Functions\Camera</Filter>
    </ClInclude>
    <ClInclude Include="Inputs.h">
      <Filter>Header Files\Functions\Inputs</Filter>
    </ClInclude>
    <ClInclude Include="score.h">
      <Filter>Header Files\WhackAMole ni Kirara\Scores</Filter>
    </ClInclude>
    <ClInclude Include="RNG.h">
      <Filter>Header Files\Functions\random</Filter>
    </ClInclude>
    <ClInclude Include="gravity.h">
      <Filter>Header Files\Gravity</Filter>
    </ClInclude>
    <ClInclude Include="button.h">
      <Filter>Header Files\WhackAMole ni Kirara\Button</Filter>
    </ClInclude>
    <ClInclude Include="mButton.h">
      <Filter>Header Files\WhackAMole ni Kirara\Button</Filter>
    </ClInclude>
    <ClInclude Include="drawSphere.h">
      <Filter>Header Files\Functions\Draw</Filter>
    </ClInclude>
    <ClInclude Include="lighting.h">
      <Filter>Header Files\Functions\Lighting</Filter>
    </ClInclude>
    <ClInclude Include="drawPyramid.h">
      <Filter>Header Files\Functions\Draw</Filter>
    </ClInclude>
    <ClInclude Include="firstPersonMovement.h">
      <Filter>Header Files\Functions\Movement</Filter>
    </ClInclude>
    <ClInclude Include="drawCylinder.h">
      <Filter>Header Files\Functions\Draw</Filter>
    </ClInclude>
    <ClInclude Include="drawDisk.h">
      <Filter>Header Files\Functions\Draw</Filter>
    </ClInclude>
    <ClInclude Include="drawCapsule.h">
      <Filter>Header Files\Functions\Draw</Filter>
    </ClInclude>
    <ClInclude Include="sound.h">
      <Filter>Header Files\Functions\Sounds</Filter>
    </ClInclude>
    <ClInclude Include="textrenderer.h">
      <Filter>Header Files\Functions\TextRender</Filter>
    </ClInclude>
  </ItemGroup>
</Project>