<?xml version="1.0" encoding="utf-8"?>
<Project ToolsVersion="4.0" xmlns="http://schemas.microsoft.com/developer/msbuild/2003">
  <ItemGroup>
    <Filter Include="Source Files">
      <UniqueIdentifier>{4FC737F1-C7A5-4376-A066-2A32D752A2FF}</UniqueIdentifier>
      <Extensions>cpp;c;cc;cxx;c++;cppm;ixx;def;odl;idl;hpj;bat;asm;asmx</Extensions>
    </Filter>
    <Filter Include="Header Files">
      <UniqueIdentifier>{93995380-89BD-4b04-88EB-625FBE52EBFB}</UniqueIdentifier>
      <Extensions>h;hh;hpp;hxx;h++;hm;inl;inc;ipp;xsd</Extensions>
    </Filter>
    <Filter Include="Resource Files">
      <UniqueIdentifier>{67DA6AB6-F800-4c08-8B7A-83BB121AAD01}</UniqueIdentifier>
      <Extensions>rc;ico;cur;bmp;dlg;rc2;rct;bin;rgs;gif;jpg;jpeg;jpe;resx;tiff;tif;png;wav;mfcribbon-ms</Extensions>
    </Filter>
    <Filter Include="Source Files\Engine">
      <UniqueIdentifier>{123e8767-cbd6-46dc-94ae-51c7a8818fac}</UniqueIdentifier>
    </Filter>
    <Filter Include="Header Files\Engine">
      <UniqueIdentifier>{05f302aa-39b6-4535-a829-620b31dfcbdf}</UniqueIdentifier>
    </Filter>
    <Filter Include="Source Files\Graphics">
      <UniqueIdentifier>{e69c1ac4-dc7f-4baf-8a2d-a215543127be}</UniqueIdentifier>
    </Filter>
    <Filter Include="Header Files\Graphics">
      <UniqueIdentifier>{8aa79a12-c5c4-4b13-a69f-6000cf93dd07}</UniqueIdentifier>
    </Filter>
    <Filter Include="Source Files\Gameplay">
      <UniqueIdentifier>{679a5232-0072-4097-9a1a-a99972cc137f}</UniqueIdentifier>
    </Filter>
    <Filter Include="Header Files\Gameplay">
      <UniqueIdentifier>{7c9b073b-3ae7-4cad-9f0c-7c122a98fb53}</UniqueIdentifier>
    </Filter>
    <Filter Include="Header Files\Functions">
      <UniqueIdentifier>{ee8752a4-139a-4fda-91e2-9f9f15bf55e7}</UniqueIdentifier>
    </Filter>
    <Filter Include="Header Files\Functions\Draw">
      <UniqueIdentifier>{ec145bfd-5a91-4160-a42b-92602eb0d4ee}</UniqueIdentifier>
    </Filter>
    <Filter Include="Header Files\Functions\Camera">
      <UniqueIdentifier>{d3fc0ebe-3d80-4021-a54e-c9cd416963f6}</UniqueIdentifier>
    </Filter>
    <Filter Include="Source Files\Functions">
      <UniqueIdentifier>{30b58311-751e-4e3d-adc0-7f515beb2d57}</UniqueIdentifier>
    </Filter>
    <Filter Include="Source Files\Functions\Camera">
      <UniqueIdentifier>{88156d98-9e97-479d-a79a-e4a626c8fe74}</UniqueIdentifier>
    </Filter>
    <Filter Include="Source Files\Functions\Draw">
      <UniqueIdentifier>{932eefe1-a599-4fac-9e4b-134c18390cb8}</UniqueIdentifier>
    </Filter>
    <Filter Include="Header Files\Functions\Inputs">
      <UniqueIdentifier>{ee07fb0b-4978-41ef-bf30-327810e7470d}</UniqueIdentifier>
    </Filter>
    <Filter Include="Source Files\Functions\Inputs">
      <UniqueIdentifier>{6be997e8-e533-4936-aaf8-8e377330a114}</UniqueIdentifier>
    </Filter>
    <Filter Include="Header Files\Gameplay\Scores">
      <UniqueIdentifier>{f6ada6e1-158d-46d4-89a3-18f1fda11abb}</UniqueIdentifier>
    </Filter>
    <Filter Include="Source Files\Gameplay\Scores">
      <UniqueIdentifier>{9f9464b6-19f5-40cf-9293-1ee48afafa1e}</UniqueIdentifier>
    </Filter>
  </ItemGroup>
  <ItemGroup>
    <ClCompile Include="draw.cpp">
      <Filter>Source Files\Functions\Draw</Filter>
    </ClCompile>
    <ClCompile Include="engine.cpp">
      <Filter>Source Files\Engine</Filter>
    </ClCompile>
    <ClCompile Include="graphics.cpp">
      <Filter>Source Files\Graphics</Filter>
    </ClCompile>
    <ClCompile Include="gameObject.cpp">
      <Filter>Source Files\Gameplay</Filter>
    </ClCompile>
    <ClCompile Include="main.cpp">
      <Filter>Source Files\Graphics</Filter>
    </ClCompile>
    <ClCompile Include="Camera.cpp">
      <Filter>Source Files\Functions\Camera</Filter>
    </ClCompile>
    <ClCompile Include="inputs.cpp">
      <Filter>Source Files\Functions\Inputs</Filter>
    </ClCompile>
    <ClCompile Include="score.cpp">
      <Filter>Source Files\Gameplay\Scores</Filter>
    </ClCompile>
  </ItemGroup>
  <ItemGroup>
    <ClInclude Include="drawBox.h">
      <Filter>Header Files\Functions\Draw</Filter>
    </ClInclude>
    <ClInclude Include="engine.h">
      <Filter>Header Files\Engine</Filter>
    </ClInclude>
    <ClInclude Include="graphics.h">
      <Filter>Header Files\Graphics</Filter>
    </ClInclude>
    <ClInclude Include="gameObject.h">
      <Filter>Header Files\Gameplay</Filter>
    </ClInclude>
    <ClInclude Include="Camera.h">
      <Filter>Header Files\Functions\Camera</Filter>
    </ClInclude>
    <ClInclude Include="Inputs.h">
      <Filter>Header Files\Functions\Inputs</Filter>
    </ClInclude>
    <ClInclude Include="score.h">
      <Filter>Header Files\Gameplay\Scores</Filter>
    </ClInclude>
  </ItemGroup>
</Project>